
Microsoft Visual Studio Solution File, Format Version 12.00
# Visual Studio Version 17
VisualStudioVersion = 17.0.31710.8
MinimumVisualStudioVersion = 10.0.40219.1
Project("{2150E333-8FDC-42A3-9474-1A3956D46DE8}") = "Enterprise Business Rules", "Enterprise Business Rules", "{5DDF5C19-EBB8-4842-B8FF-B61C9A2C72D4}"
EndProject
Project("{2150E333-8FDC-42A3-9474-1A3956D46DE8}") = "Application Business Rules", "Application Business Rules", "{4E0FE1EA-8FB0-4D6C-96EB-7A8523F2D32B}"
EndProject
Project("{2150E333-8FDC-42A3-9474-1A3956D46DE8}") = "Interface Adapters", "Interface Adapters", "{F2D212E7-A530-4D2A-AC83-449D98042A97}"
EndProject
Project("{2150E333-8FDC-42A3-9474-1A3956D46DE8}") = "Frameworks and Drivers", "Frameworks and Drivers", "{CFDFBBEB-39B8-4130-9A03-77B2A2B45F54}"
EndProject
Project("{FAE04EC0-301F-11D3-BF4B-00C04F79EFBC}") = "Entities", "Entities\Entities.csproj", "{4432B277-0797-4B62-A255-D96A4DD5022B}"
EndProject
Project("{2150E333-8FDC-42A3-9474-1A3956D46DE8}") = "Gateways", "Gateways", "{3E917132-0B7F-419C-A229-4AD24313028E}"
EndProject
Project("{FAE04EC0-301F-11D3-BF4B-00C04F79EFBC}") = "EFCoreRepository", "EFCoreRepository\EFCoreRepository.csproj", "{416BE270-0A37-45AA-A637-2B47182DF4DE}"
EndProject
Project("{FAE04EC0-301F-11D3-BF4B-00C04F79EFBC}") = "UseCasesDTOs", "UseCasesDTOs\UseCasesDTOs.csproj", "{BB37C6FC-E0A5-4637-870E-106049A3E7A6}"
EndProject
Project("{FAE04EC0-301F-11D3-BF4B-00C04F79EFBC}") = "UseCases", "UseCases\UseCases.csproj", "{ACBB18CC-0983-4A7B-8D22-B782507C13C8}"
EndProject
Project("{FAE04EC0-301F-11D3-BF4B-00C04F79EFBC}") = "IoC", "IoC\IoC.csproj", "{3966F0DC-2BFC-454C-8590-4FF1F4105DA0}"
EndProject
Project("{2150E333-8FDC-42A3-9474-1A3956D46DE8}") = "Presenters", "Presenters", "{641129FD-81B9-4026-AE71-001D094FACF6}"
EndProject
Project("{FAE04EC0-301F-11D3-BF4B-00C04F79EFBC}") = "WebExceptionsPresenters", "WebExceptionsPresenters\WebExceptionsPresenters.csproj", "{57E91F8D-781B-474B-8B57-14751BC38A56}"
EndProject
Project("{FAE04EC0-301F-11D3-BF4B-00C04F79EFBC}") = "WebApi", "WebApi\WebApi.csproj", "{15CD58C3-4CBB-4B2F-8FC0-DBC353506395}"
EndProject
Global
	GlobalSection(SolutionConfigurationPlatforms) = preSolution
		Debug|Any CPU = Debug|Any CPU
		Release|Any CPU = Release|Any CPU
	EndGlobalSection
	GlobalSection(ProjectConfigurationPlatforms) = postSolution
		{4432B277-0797-4B62-A255-D96A4DD5022B}.Debug|Any CPU.ActiveCfg = Debug|Any CPU
		{4432B277-0797-4B62-A255-D96A4DD5022B}.Debug|Any CPU.Build.0 = Debug|Any CPU
		{4432B277-0797-4B62-A255-D96A4DD5022B}.Release|Any CPU.ActiveCfg = Release|Any CPU
		{4432B277-0797-4B62-A255-D96A4DD5022B}.Release|Any CPU.Build.0 = Release|Any CPU
		{416BE270-0A37-45AA-A637-2B47182DF4DE}.Debug|Any CPU.ActiveCfg = Debug|Any CPU
		{416BE270-0A37-45AA-A637-2B47182DF4DE}.Debug|Any CPU.Build.0 = Debug|Any CPU
		{416BE270-0A37-45AA-A637-2B47182DF4DE}.Release|Any CPU.ActiveCfg = Release|Any CPU
		{416BE270-0A37-45AA-A637-2B47182DF4DE}.Release|Any CPU.Build.0 = Release|Any CPU
		{BB37C6FC-E0A5-4637-870E-106049A3E7A6}.Debug|Any CPU.ActiveCfg = Debug|Any CPU
		{BB37C6FC-E0A5-4637-870E-106049A3E7A6}.Debug|Any CPU.Build.0 = Debug|Any CPU
		{BB37C6FC-E0A5-4637-870E-106049A3E7A6}.Release|Any CPU.ActiveCfg = Release|Any CPU
		{BB37C6FC-E0A5-4637-870E-106049A3E7A6}.Release|Any CPU.Build.0 = Release|Any CPU
		{ACBB18CC-0983-4A7B-8D22-B782507C13C8}.Debug|Any CPU.ActiveCfg = Debug|Any CPU
		{ACBB18CC-0983-4A7B-8D22-B782507C13C8}.Debug|Any CPU.Build.0 = Debug|Any CPU
		{ACBB18CC-0983-4A7B-8D22-B782507C13C8}.Release|Any CPU.ActiveCfg = Release|Any CPU
		{ACBB18CC-0983-4A7B-8D22-B782507C13C8}.Release|Any CPU.Build.0 = Release|Any CPU
		{3966F0DC-2BFC-454C-8590-4FF1F4105DA0}.Debug|Any CPU.ActiveCfg = Debug|Any CPU
		{3966F0DC-2BFC-454C-8590-4FF1F4105DA0}.Debug|Any CPU.Build.0 = Debug|Any CPU
		{3966F0DC-2BFC-454C-8590-4FF1F4105DA0}.Release|Any CPU.ActiveCfg = Release|Any CPU
		{3966F0DC-2BFC-454C-8590-4FF1F4105DA0}.Release|Any CPU.Build.0 = Release|Any CPU
		{57E91F8D-781B-474B-8B57-14751BC38A56}.Debug|Any CPU.ActiveCfg = Debug|Any CPU
		{57E91F8D-781B-474B-8B57-14751BC38A56}.Debug|Any CPU.Build.0 = Debug|Any CPU
		{57E91F8D-781B-474B-8B57-14751BC38A56}.Release|Any CPU.ActiveCfg = Release|Any CPU
		{57E91F8D-781B-474B-8B57-14751BC38A56}.Release|Any CPU.Build.0 = Release|Any CPU
		{15CD58C3-4CBB-4B2F-8FC0-DBC353506395}.Debug|Any CPU.ActiveCfg = Debug|Any CPU
		{15CD58C3-4CBB-4B2F-8FC0-DBC353506395}.Debug|Any CPU.Build.0 = Debug|Any CPU
		{15CD58C3-4CBB-4B2F-8FC0-DBC353506395}.Release|Any CPU.ActiveCfg = Release|Any CPU
		{15CD58C3-4CBB-4B2F-8FC0-DBC353506395}.Release|Any CPU.Build.0 = Release|Any CPU
	EndGlobalSection
	GlobalSection(SolutionProperties) = preSolution
		HideSolutionNode = FALSE
	EndGlobalSection
	GlobalSection(NestedProjects) = preSolution
		{4432B277-0797-4B62-A255-D96A4DD5022B} = {5DDF5C19-EBB8-4842-B8FF-B61C9A2C72D4}
		{3E917132-0B7F-419C-A229-4AD24313028E} = {F2D212E7-A530-4D2A-AC83-449D98042A97}
		{416BE270-0A37-45AA-A637-2B47182DF4DE} = {3E917132-0B7F-419C-A229-4AD24313028E}
		{BB37C6FC-E0A5-4637-870E-106049A3E7A6} = {4E0FE1EA-8FB0-4D6C-96EB-7A8523F2D32B}
		{ACBB18CC-0983-4A7B-8D22-B782507C13C8} = {4E0FE1EA-8FB0-4D6C-96EB-7A8523F2D32B}
		{3966F0DC-2BFC-454C-8590-4FF1F4105DA0} = {F2D212E7-A530-4D2A-AC83-449D98042A97}
		{641129FD-81B9-4026-AE71-001D094FACF6} = {F2D212E7-A530-4D2A-AC83-449D98042A97}
		{57E91F8D-781B-474B-8B57-14751BC38A56} = {641129FD-81B9-4026-AE71-001D094FACF6}
		{15CD58C3-4CBB-4B2F-8FC0-DBC353506395} = {3E917132-0B7F-419C-A229-4AD24313028E}
	EndGlobalSection
	GlobalSection(ExtensibilityGlobals) = postSolution
		SolutionGuid = {03E76BE9-FA21-44E4-827B-0BB6F2C0E3FC}
	EndGlobalSection
EndGlobal
